
Microsoft Visual Studio Solution File, Format Version 12.00
# Visual Studio Version 17
VisualStudioVersion = 17.5.33209.295
MinimumVisualStudioVersion = 10.0.40219.1
Project("{9A19103F-16F7-4668-BE54-9A1E7A4F7556}") = "aspnetwebapp", "aspnetwebapp.csproj", "{84272A6C-5151-4E04-AEF8-9D02051A5CEB}"
EndProject
Global
	GlobalSection(SolutionConfigurationPlatforms) = preSolution
		Debug|Any CPU = Debug|Any CPU
		Release|Any CPU = Release|Any CPU
	EndGlobalSection
	GlobalSection(ProjectConfigurationPlatforms) = postSolution
		{84272A6C-5151-4E04-AEF8-9D02051A5CEB}.Debug|Any CPU.ActiveCfg = Debug|Any CPU
		{84272A6C-5151-4E04-AEF8-9D02051A5CEB}.Debug|Any CPU.Build.0 = Debug|Any CPU
		{84272A6C-5151-4E04-AEF8-9D02051A5CEB}.Release|Any CPU.ActiveCfg = Release|Any CPU
		{84272A6C-5151-4E04-AEF8-9D02051A5CEB}.Release|Any CPU.Build.0 = Release|Any CPU
	EndGlobalSection
	GlobalSection(SolutionProperties) = preSolution
		HideSolutionNode = FALSE
	EndGlobalSection
	GlobalSection(ExtensibilityGlobals) = postSolution
		SolutionGuid = {21F6D7C6-372B-4B2D-85AB-75FC797C093A}
	EndGlobalSection
EndGlobal
